// !$*UTF8*$!
{
	archiveVersion = 1;
	classes = {
	};
	objectVersion = 55;
	objects = {

/* Begin PBXBuildFile section */
		AA06B99028D647C30091657D /* AppDelegate.swift in Sources */ = {isa = PBXBuildFile; fileRef = AA06B98F28D647C30091657D /* AppDelegate.swift */; };
		AA06B99228D647C30091657D /* SceneDelegate.swift in Sources */ = {isa = PBXBuildFile; fileRef = AA06B99128D647C30091657D /* SceneDelegate.swift */; };
		AA06B99428D647C30091657D /* MainTabBarViewController.swift in Sources */ = {isa = PBXBuildFile; fileRef = AA06B99328D647C30091657D /* MainTabBarViewController.swift */; };
		AA06B99928D647C40091657D /* Assets.xcassets in Resources */ = {isa = PBXBuildFile; fileRef = AA06B99828D647C40091657D /* Assets.xcassets */; };
		AA06B99C28D647C40091657D /* LaunchScreen.storyboard in Resources */ = {isa = PBXBuildFile; fileRef = AA06B99A28D647C40091657D /* LaunchScreen.storyboard */; };
		AA06B9A728D647C40091657D /* Netflix_CTests.swift in Sources */ = {isa = PBXBuildFile; fileRef = AA06B9A628D647C40091657D /* Netflix_CTests.swift */; };
		AA06B9B128D647C40091657D /* Netflix_CUITests.swift in Sources */ = {isa = PBXBuildFile; fileRef = AA06B9B028D647C40091657D /* Netflix_CUITests.swift */; };
		AA06B9B328D647C40091657D /* Netflix_CUITestsLaunchTests.swift in Sources */ = {isa = PBXBuildFile; fileRef = AA06B9B228D647C40091657D /* Netflix_CUITestsLaunchTests.swift */; };
		AA5A313C28E7979100EECB1D /* TitleCollectionViewCell.swift in Sources */ = {isa = PBXBuildFile; fileRef = AA5A313B28E7979100EECB1D /* TitleCollectionViewCell.swift */; };
		AA5A313F28E799FC00EECB1D /* SDWebImage in Frameworks */ = {isa = PBXBuildFile; productRef = AA5A313E28E799FC00EECB1D /* SDWebImage */; };
		AA5A314128E799FC00EECB1D /* SDWebImageMapKit in Frameworks */ = {isa = PBXBuildFile; productRef = AA5A314028E799FC00EECB1D /* SDWebImageMapKit */; };
		AA5C95D528E0EDE100EDF997 /* APICaller.swift in Sources */ = {isa = PBXBuildFile; fileRef = AA5C95D428E0EDE100EDF997 /* APICaller.swift */; };
		AA5C95D728E0F37400EDF997 /* Title.swift in Sources */ = {isa = PBXBuildFile; fileRef = AA5C95D628E0F37400EDF997 /* Title.swift */; };
		AA5C95D928E0FC6600EDF997 /* Extensions.swift in Sources */ = {isa = PBXBuildFile; fileRef = AA5C95D828E0FC6600EDF997 /* Extensions.swift */; };
		AA9E49E328F0AF67005101BB /* TitleTableViewCell.swift in Sources */ = {isa = PBXBuildFile; fileRef = AA9E49E228F0AF67005101BB /* TitleTableViewCell.swift */; };
		AA9E49E528F0B553005101BB /* TitleViewModel.swift in Sources */ = {isa = PBXBuildFile; fileRef = AA9E49E428F0B552005101BB /* TitleViewModel.swift */; };
		AAEB085328D660AC004D7A09 /* HomeViewController.swift in Sources */ = {isa = PBXBuildFile; fileRef = AAEB085228D660AC004D7A09 /* HomeViewController.swift */; };
		AAEB085528D660D7004D7A09 /* UpcomingViewController.swift in Sources */ = {isa = PBXBuildFile; fileRef = AAEB085428D660D7004D7A09 /* UpcomingViewController.swift */; };
		AAEB085728D660FB004D7A09 /* SearchViewController.swift in Sources */ = {isa = PBXBuildFile; fileRef = AAEB085628D660FB004D7A09 /* SearchViewController.swift */; };
		AAEB085928D6611D004D7A09 /* DownloadsViewController.swift in Sources */ = {isa = PBXBuildFile; fileRef = AAEB085828D6611D004D7A09 /* DownloadsViewController.swift */; };
		AAEB086028D67D71004D7A09 /* CollectionTableViewCell.swift in Sources */ = {isa = PBXBuildFile; fileRef = AAEB085F28D67D71004D7A09 /* CollectionTableViewCell.swift */; };
		AAEB086228D7B545004D7A09 /* HeroHeaderUIView.swift in Sources */ = {isa = PBXBuildFile; fileRef = AAEB086128D7B545004D7A09 /* HeroHeaderUIView.swift */; };
/* End PBXBuildFile section */

/* Begin PBXContainerItemProxy section */
		AA06B9A328D647C40091657D /* PBXContainerItemProxy */ = {
			isa = PBXContainerItemProxy;
			containerPortal = AA06B98428D647C30091657D /* Project object */;
			proxyType = 1;
			remoteGlobalIDString = AA06B98B28D647C30091657D;
			remoteInfo = "Netflix C";
		};
		AA06B9AD28D647C40091657D /* PBXContainerItemProxy */ = {
			isa = PBXContainerItemProxy;
			containerPortal = AA06B98428D647C30091657D /* Project object */;
			proxyType = 1;
			remoteGlobalIDString = AA06B98B28D647C30091657D;
			remoteInfo = "Netflix C";
		};
/* End PBXContainerItemProxy section */

/* Begin PBXFileReference section */
		AA06B98C28D647C30091657D /* Netflix C.app */ = {isa = PBXFileReference; explicitFileType = wrapper.application; includeInIndex = 0; path = "Netflix C.app"; sourceTree = BUILT_PRODUCTS_DIR; };
		AA06B98F28D647C30091657D /* AppDelegate.swift */ = {isa = PBXFileReference; lastKnownFileType = sourcecode.swift; path = AppDelegate.swift; sourceTree = "<group>"; };
		AA06B99128D647C30091657D /* SceneDelegate.swift */ = {isa = PBXFileReference; lastKnownFileType = sourcecode.swift; path = SceneDelegate.swift; sourceTree = "<group>"; };
		AA06B99328D647C30091657D /* MainTabBarViewController.swift */ = {isa = PBXFileReference; lastKnownFileType = sourcecode.swift; path = MainTabBarViewController.swift; sourceTree = "<group>"; };
		AA06B99828D647C40091657D /* Assets.xcassets */ = {isa = PBXFileReference; lastKnownFileType = folder.assetcatalog; path = Assets.xcassets; sourceTree = "<group>"; };
		AA06B99B28D647C40091657D /* Base */ = {isa = PBXFileReference; lastKnownFileType = file.storyboard; name = Base; path = Base.lproj/LaunchScreen.storyboard; sourceTree = "<group>"; };
		AA06B99D28D647C40091657D /* Info.plist */ = {isa = PBXFileReference; lastKnownFileType = text.plist.xml; path = Info.plist; sourceTree = "<group>"; };
		AA06B9A228D647C40091657D /* Netflix CTests.xctest */ = {isa = PBXFileReference; explicitFileType = wrapper.cfbundle; includeInIndex = 0; path = "Netflix CTests.xctest"; sourceTree = BUILT_PRODUCTS_DIR; };
		AA06B9A628D647C40091657D /* Netflix_CTests.swift */ = {isa = PBXFileReference; lastKnownFileType = sourcecode.swift; path = Netflix_CTests.swift; sourceTree = "<group>"; };
		AA06B9AC28D647C40091657D /* Netflix CUITests.xctest */ = {isa = PBXFileReference; explicitFileType = wrapper.cfbundle; includeInIndex = 0; path = "Netflix CUITests.xctest"; sourceTree = BUILT_PRODUCTS_DIR; };
		AA06B9B028D647C40091657D /* Netflix_CUITests.swift */ = {isa = PBXFileReference; lastKnownFileType = sourcecode.swift; path = Netflix_CUITests.swift; sourceTree = "<group>"; };
		AA06B9B228D647C40091657D /* Netflix_CUITestsLaunchTests.swift */ = {isa = PBXFileReference; lastKnownFileType = sourcecode.swift; path = Netflix_CUITestsLaunchTests.swift; sourceTree = "<group>"; };
		AA5A313B28E7979100EECB1D /* TitleCollectionViewCell.swift */ = {isa = PBXFileReference; lastKnownFileType = sourcecode.swift; path = TitleCollectionViewCell.swift; sourceTree = "<group>"; };
		AA5C95D428E0EDE100EDF997 /* APICaller.swift */ = {isa = PBXFileReference; lastKnownFileType = sourcecode.swift; path = APICaller.swift; sourceTree = "<group>"; };
		AA5C95D628E0F37400EDF997 /* Title.swift */ = {isa = PBXFileReference; lastKnownFileType = sourcecode.swift; path = Title.swift; sourceTree = "<group>"; };
		AA5C95D828E0FC6600EDF997 /* Extensions.swift */ = {isa = PBXFileReference; lastKnownFileType = sourcecode.swift; path = Extensions.swift; sourceTree = "<group>"; };
		AA9E49E228F0AF67005101BB /* TitleTableViewCell.swift */ = {isa = PBXFileReference; lastKnownFileType = sourcecode.swift; path = TitleTableViewCell.swift; sourceTree = "<group>"; };
		AA9E49E428F0B552005101BB /* TitleViewModel.swift */ = {isa = PBXFileReference; lastKnownFileType = sourcecode.swift; path = TitleViewModel.swift; sourceTree = "<group>"; };
		AAEB085228D660AC004D7A09 /* HomeViewController.swift */ = {isa = PBXFileReference; lastKnownFileType = sourcecode.swift; path = HomeViewController.swift; sourceTree = "<group>"; };
		AAEB085428D660D7004D7A09 /* UpcomingViewController.swift */ = {isa = PBXFileReference; lastKnownFileType = sourcecode.swift; path = UpcomingViewController.swift; sourceTree = "<group>"; };
		AAEB085628D660FB004D7A09 /* SearchViewController.swift */ = {isa = PBXFileReference; lastKnownFileType = sourcecode.swift; path = SearchViewController.swift; sourceTree = "<group>"; };
		AAEB085828D6611D004D7A09 /* DownloadsViewController.swift */ = {isa = PBXFileReference; lastKnownFileType = sourcecode.swift; path = DownloadsViewController.swift; sourceTree = "<group>"; };
		AAEB085F28D67D71004D7A09 /* CollectionTableViewCell.swift */ = {isa = PBXFileReference; lastKnownFileType = sourcecode.swift; path = CollectionTableViewCell.swift; sourceTree = "<group>"; };
		AAEB086128D7B545004D7A09 /* HeroHeaderUIView.swift */ = {isa = PBXFileReference; lastKnownFileType = sourcecode.swift; path = HeroHeaderUIView.swift; sourceTree = "<group>"; };
/* End PBXFileReference section */

/* Begin PBXFrameworksBuildPhase section */
		AA06B98928D647C30091657D /* Frameworks */ = {
			isa = PBXFrameworksBuildPhase;
			buildActionMask = 2147483647;
			files = (
				AA5A314128E799FC00EECB1D /* SDWebImageMapKit in Frameworks */,
				AA5A313F28E799FC00EECB1D /* SDWebImage in Frameworks */,
			);
			runOnlyForDeploymentPostprocessing = 0;
		};
		AA06B99F28D647C40091657D /* Frameworks */ = {
			isa = PBXFrameworksBuildPhase;
			buildActionMask = 2147483647;
			files = (
			);
			runOnlyForDeploymentPostprocessing = 0;
		};
		AA06B9A928D647C40091657D /* Frameworks */ = {
			isa = PBXFrameworksBuildPhase;
			buildActionMask = 2147483647;
			files = (
			);
			runOnlyForDeploymentPostprocessing = 0;
		};
/* End PBXFrameworksBuildPhase section */

/* Begin PBXGroup section */
		AA06B98328D647C30091657D = {
			isa = PBXGroup;
			children = (
				AA06B98E28D647C30091657D /* Netflix C */,
				AA06B9A528D647C40091657D /* Netflix CTests */,
				AA06B9AF28D647C40091657D /* Netflix CUITests */,
				AA06B98D28D647C30091657D /* Products */,
			);
			sourceTree = "<group>";
		};
		AA06B98D28D647C30091657D /* Products */ = {
			isa = PBXGroup;
			children = (
				AA06B98C28D647C30091657D /* Netflix C.app */,
				AA06B9A228D647C40091657D /* Netflix CTests.xctest */,
				AA06B9AC28D647C40091657D /* Netflix CUITests.xctest */,
			);
			name = Products;
			sourceTree = "<group>";
		};
		AA06B98E28D647C30091657D /* Netflix C */ = {
			isa = PBXGroup;
			children = (
				AAEB085E28D67D08004D7A09 /* Managers */,
				AAEB085D28D67CF1004D7A09 /* Resources */,
				AAEB085C28D67CDD004D7A09 /* Models */,
				AAEB085B28D67CD4004D7A09 /* ViewModels */,
				AAEB085A28D67CC9004D7A09 /* Views */,
				AAEB085128D6605E004D7A09 /* Controllers */,
				AA06B98F28D647C30091657D /* AppDelegate.swift */,
				AA06B99128D647C30091657D /* SceneDelegate.swift */,
				AA06B99328D647C30091657D /* MainTabBarViewController.swift */,
				AA06B99828D647C40091657D /* Assets.xcassets */,
				AA06B99A28D647C40091657D /* LaunchScreen.storyboard */,
				AA06B99D28D647C40091657D /* Info.plist */,
			);
			path = "Netflix C";
			sourceTree = "<group>";
		};
		AA06B9A528D647C40091657D /* Netflix CTests */ = {
			isa = PBXGroup;
			children = (
				AA06B9A628D647C40091657D /* Netflix_CTests.swift */,
			);
			path = "Netflix CTests";
			sourceTree = "<group>";
		};
		AA06B9AF28D647C40091657D /* Netflix CUITests */ = {
			isa = PBXGroup;
			children = (
				AA06B9B028D647C40091657D /* Netflix_CUITests.swift */,
				AA06B9B228D647C40091657D /* Netflix_CUITestsLaunchTests.swift */,
			);
			path = "Netflix CUITests";
			sourceTree = "<group>";
		};
		AAEB085128D6605E004D7A09 /* Controllers */ = {
			isa = PBXGroup;
			children = (
				AAEB085228D660AC004D7A09 /* HomeViewController.swift */,
				AAEB085428D660D7004D7A09 /* UpcomingViewController.swift */,
				AAEB085628D660FB004D7A09 /* SearchViewController.swift */,
				AAEB085828D6611D004D7A09 /* DownloadsViewController.swift */,
			);
			path = Controllers;
			sourceTree = "<group>";
		};
		AAEB085A28D67CC9004D7A09 /* Views */ = {
			isa = PBXGroup;
			children = (
				AAEB085F28D67D71004D7A09 /* CollectionTableViewCell.swift */,
				AAEB086128D7B545004D7A09 /* HeroHeaderUIView.swift */,
				AA5A313B28E7979100EECB1D /* TitleCollectionViewCell.swift */,
				AA9E49E228F0AF67005101BB /* TitleTableViewCell.swift */,
			);
			path = Views;
			sourceTree = "<group>";
		};
		AAEB085B28D67CD4004D7A09 /* ViewModels */ = {
			isa = PBXGroup;
			children = (
				AA9E49E428F0B552005101BB /* TitleViewModel.swift */,
			);
			path = ViewModels;
			sourceTree = "<group>";
		};
		AAEB085C28D67CDD004D7A09 /* Models */ = {
			isa = PBXGroup;
			children = (
				AA5C95D628E0F37400EDF997 /* Title.swift */,
			);
			path = Models;
			sourceTree = "<group>";
		};
		AAEB085D28D67CF1004D7A09 /* Resources */ = {
			isa = PBXGroup;
			children = (
				AA5C95D828E0FC6600EDF997 /* Extensions.swift */,
			);
			path = Resources;
			sourceTree = "<group>";
		};
		AAEB085E28D67D08004D7A09 /* Managers */ = {
			isa = PBXGroup;
			children = (
				AA5C95D428E0EDE100EDF997 /* APICaller.swift */,
			);
			path = Managers;
			sourceTree = "<group>";
		};
/* End PBXGroup section */

/* Begin PBXNativeTarget section */
		AA06B98B28D647C30091657D /* Netflix C */ = {
			isa = PBXNativeTarget;
			buildConfigurationList = AA06B9B628D647C40091657D /* Build configuration list for PBXNativeTarget "Netflix C" */;
			buildPhases = (
				AA06B98828D647C30091657D /* Sources */,
				AA06B98928D647C30091657D /* Frameworks */,
				AA06B98A28D647C30091657D /* Resources */,
			);
			buildRules = (
			);
			dependencies = (
			);
			name = "Netflix C";
			packageProductDependencies = (
				AA5A313E28E799FC00EECB1D /* SDWebImage */,
				AA5A314028E799FC00EECB1D /* SDWebImageMapKit */,
			);
			productName = "Netflix C";
			productReference = AA06B98C28D647C30091657D /* Netflix C.app */;
			productType = "com.apple.product-type.application";
		};
		AA06B9A128D647C40091657D /* Netflix CTests */ = {
			isa = PBXNativeTarget;
			buildConfigurationList = AA06B9B928D647C40091657D /* Build configuration list for PBXNativeTarget "Netflix CTests" */;
			buildPhases = (
				AA06B99E28D647C40091657D /* Sources */,
				AA06B99F28D647C40091657D /* Frameworks */,
				AA06B9A028D647C40091657D /* Resources */,
			);
			buildRules = (
			);
			dependencies = (
				AA06B9A428D647C40091657D /* PBXTargetDependency */,
			);
			name = "Netflix CTests";
			productName = "Netflix CTests";
			productReference = AA06B9A228D647C40091657D /* Netflix CTests.xctest */;
			productType = "com.apple.product-type.bundle.unit-test";
		};
		AA06B9AB28D647C40091657D /* Netflix CUITests */ = {
			isa = PBXNativeTarget;
			buildConfigurationList = AA06B9BC28D647C40091657D /* Build configuration list for PBXNativeTarget "Netflix CUITests" */;
			buildPhases = (
				AA06B9A828D647C40091657D /* Sources */,
				AA06B9A928D647C40091657D /* Frameworks */,
				AA06B9AA28D647C40091657D /* Resources */,
			);
			buildRules = (
			);
			dependencies = (
				AA06B9AE28D647C40091657D /* PBXTargetDependency */,
			);
			name = "Netflix CUITests";
			productName = "Netflix CUITests";
			productReference = AA06B9AC28D647C40091657D /* Netflix CUITests.xctest */;
			productType = "com.apple.product-type.bundle.ui-testing";
		};
/* End PBXNativeTarget section */

/* Begin PBXProject section */
		AA06B98428D647C30091657D /* Project object */ = {
			isa = PBXProject;
			attributes = {
				BuildIndependentTargetsInParallel = 1;
				LastSwiftUpdateCheck = 1320;
				LastUpgradeCheck = 1320;
				TargetAttributes = {
					AA06B98B28D647C30091657D = {
						CreatedOnToolsVersion = 13.2.1;
					};
					AA06B9A128D647C40091657D = {
						CreatedOnToolsVersion = 13.2.1;
						TestTargetID = AA06B98B28D647C30091657D;
					};
					AA06B9AB28D647C40091657D = {
						CreatedOnToolsVersion = 13.2.1;
						TestTargetID = AA06B98B28D647C30091657D;
					};
				};
			};
			buildConfigurationList = AA06B98728D647C30091657D /* Build configuration list for PBXProject "Netflix C" */;
			compatibilityVersion = "Xcode 13.0";
			developmentRegion = en;
			hasScannedForEncodings = 0;
			knownRegions = (
				en,
				Base,
			);
			mainGroup = AA06B98328D647C30091657D;
			packageReferences = (
				AA5A313D28E799FC00EECB1D /* XCRemoteSwiftPackageReference "SDWebImage" */,
			);
			productRefGroup = AA06B98D28D647C30091657D /* Products */;
			projectDirPath = "";
			projectRoot = "";
			targets = (
				AA06B98B28D647C30091657D /* Netflix C */,
				AA06B9A128D647C40091657D /* Netflix CTests */,
				AA06B9AB28D647C40091657D /* Netflix CUITests */,
			);
		};
/* End PBXProject section */

/* Begin PBXResourcesBuildPhase section */
		AA06B98A28D647C30091657D /* Resources */ = {
			isa = PBXResourcesBuildPhase;
			buildActionMask = 2147483647;
			files = (
				AA06B99C28D647C40091657D /* LaunchScreen.storyboard in Resources */,
				AA06B99928D647C40091657D /* Assets.xcassets in Resources */,
			);
			runOnlyForDeploymentPostprocessing = 0;
		};
		AA06B9A028D647C40091657D /* Resources */ = {
			isa = PBXResourcesBuildPhase;
			buildActionMask = 2147483647;
			files = (
			);
			runOnlyForDeploymentPostprocessing = 0;
		};
		AA06B9AA28D647C40091657D /* Resources */ = {
			isa = PBXResourcesBuildPhase;
			buildActionMask = 2147483647;
			files = (
			);
			runOnlyForDeploymentPostprocessing = 0;
		};
/* End PBXResourcesBuildPhase section */

/* Begin PBXSourcesBuildPhase section */
		AA06B98828D647C30091657D /* Sources */ = {
			isa = PBXSourcesBuildPhase;
			buildActionMask = 2147483647;
			files = (
				AA9E49E328F0AF67005101BB /* TitleTableViewCell.swift in Sources */,
				AAEB085728D660FB004D7A09 /* SearchViewController.swift in Sources */,
				AA5A313C28E7979100EECB1D /* TitleCollectionViewCell.swift in Sources */,
				AA06B99428D647C30091657D /* MainTabBarViewController.swift in Sources */,
				AAEB085928D6611D004D7A09 /* DownloadsViewController.swift in Sources */,
				AA5C95D528E0EDE100EDF997 /* APICaller.swift in Sources */,
				AAEB086228D7B545004D7A09 /* HeroHeaderUIView.swift in Sources */,
				AA06B99028D647C30091657D /* AppDelegate.swift in Sources */,
				AA06B99228D647C30091657D /* SceneDelegate.swift in Sources */,
				AA5C95D928E0FC6600EDF997 /* Extensions.swift in Sources */,
				AAEB085528D660D7004D7A09 /* UpcomingViewController.swift in Sources */,
				AAEB085328D660AC004D7A09 /* HomeViewController.swift in Sources */,
				AA5C95D728E0F37400EDF997 /* Title.swift in Sources */,
				AAEB086028D67D71004D7A09 /* CollectionTableViewCell.swift in Sources */,
				AA9E49E528F0B553005101BB /* TitleViewModel.swift in Sources */,
			);
			runOnlyForDeploymentPostprocessing = 0;
		};
		AA06B99E28D647C40091657D /* Sources */ = {
			isa = PBXSourcesBuildPhase;
			buildActionMask = 2147483647;
			files = (
				AA06B9A728D647C40091657D /* Netflix_CTests.swift in Sources */,
			);
			runOnlyForDeploymentPostprocessing = 0;
		};
		AA06B9A828D647C40091657D /* Sources */ = {
			isa = PBXSourcesBuildPhase;
			buildActionMask = 2147483647;
			files = (
				AA06B9B128D647C40091657D /* Netflix_CUITests.swift in Sources */,
				AA06B9B328D647C40091657D /* Netflix_CUITestsLaunchTests.swift in Sources */,
			);
			runOnlyForDeploymentPostprocessing = 0;
		};
/* End PBXSourcesBuildPhase section */

/* Begin PBXTargetDependency section */
		AA06B9A428D647C40091657D /* PBXTargetDependency */ = {
			isa = PBXTargetDependency;
			target = AA06B98B28D647C30091657D /* Netflix C */;
			targetProxy = AA06B9A328D647C40091657D /* PBXContainerItemProxy */;
		};
		AA06B9AE28D647C40091657D /* PBXTargetDependency */ = {
			isa = PBXTargetDependency;
			target = AA06B98B28D647C30091657D /* Netflix C */;
			targetProxy = AA06B9AD28D647C40091657D /* PBXContainerItemProxy */;
		};
/* End PBXTargetDependency section */

/* Begin PBXVariantGroup section */
		AA06B99A28D647C40091657D /* LaunchScreen.storyboard */ = {
			isa = PBXVariantGroup;
			children = (
				AA06B99B28D647C40091657D /* Base */,
			);
			name = LaunchScreen.storyboard;
			sourceTree = "<group>";
		};
/* End PBXVariantGroup section */

/* Begin XCBuildConfiguration section */
		AA06B9B428D647C40091657D /* Debug */ = {
			isa = XCBuildConfiguration;
			buildSettings = {
				ALWAYS_SEARCH_USER_PATHS = NO;
				CLANG_ANALYZER_NONNULL = YES;
				CLANG_ANALYZER_NUMBER_OBJECT_CONVERSION = YES_AGGRESSIVE;
				CLANG_CXX_LANGUAGE_STANDARD = "gnu++17";
				CLANG_CXX_LIBRARY = "libc++";
				CLANG_ENABLE_MODULES = YES;
				CLANG_ENABLE_OBJC_ARC = YES;
				CLANG_ENABLE_OBJC_WEAK = YES;
				CLANG_WARN_BLOCK_CAPTURE_AUTORELEASING = YES;
				CLANG_WARN_BOOL_CONVERSION = YES;
				CLANG_WARN_COMMA = YES;
				CLANG_WARN_CONSTANT_CONVERSION = YES;
				CLANG_WARN_DEPRECATED_OBJC_IMPLEMENTATIONS = YES;
				CLANG_WARN_DIRECT_OBJC_ISA_USAGE = YES_ERROR;
				CLANG_WARN_DOCUMENTATION_COMMENTS = YES;
				CLANG_WARN_EMPTY_BODY = YES;
				CLANG_WARN_ENUM_CONVERSION = YES;
				CLANG_WARN_INFINITE_RECURSION = YES;
				CLANG_WARN_INT_CONVERSION = YES;
				CLANG_WARN_NON_LITERAL_NULL_CONVERSION = YES;
				CLANG_WARN_OBJC_IMPLICIT_RETAIN_SELF = YES;
				CLANG_WARN_OBJC_LITERAL_CONVERSION = YES;
				CLANG_WARN_OBJC_ROOT_CLASS = YES_ERROR;
				CLANG_WARN_QUOTED_INCLUDE_IN_FRAMEWORK_HEADER = YES;
				CLANG_WARN_RANGE_LOOP_ANALYSIS = YES;
				CLANG_WARN_STRICT_PROTOTYPES = YES;
				CLANG_WARN_SUSPICIOUS_MOVE = YES;
				CLANG_WARN_UNGUARDED_AVAILABILITY = YES_AGGRESSIVE;
				CLANG_WARN_UNREACHABLE_CODE = YES;
				CLANG_WARN__DUPLICATE_METHOD_MATCH = YES;
				COPY_PHASE_STRIP = NO;
				DEBUG_INFORMATION_FORMAT = dwarf;
				ENABLE_STRICT_OBJC_MSGSEND = YES;
				ENABLE_TESTABILITY = YES;
				GCC_C_LANGUAGE_STANDARD = gnu11;
				GCC_DYNAMIC_NO_PIC = NO;
				GCC_NO_COMMON_BLOCKS = YES;
				GCC_OPTIMIZATION_LEVEL = 0;
				GCC_PREPROCESSOR_DEFINITIONS = (
					"DEBUG=1",
					"$(inherited)",
				);
				GCC_WARN_64_TO_32_BIT_CONVERSION = YES;
				GCC_WARN_ABOUT_RETURN_TYPE = YES_ERROR;
				GCC_WARN_UNDECLARED_SELECTOR = YES;
				GCC_WARN_UNINITIALIZED_AUTOS = YES_AGGRESSIVE;
				GCC_WARN_UNUSED_FUNCTION = YES;
				GCC_WARN_UNUSED_VARIABLE = YES;
				IPHONEOS_DEPLOYMENT_TARGET = 15.2;
				MTL_ENABLE_DEBUG_INFO = INCLUDE_SOURCE;
				MTL_FAST_MATH = YES;
				ONLY_ACTIVE_ARCH = YES;
				SDKROOT = iphoneos;
				SWIFT_ACTIVE_COMPILATION_CONDITIONS = DEBUG;
				SWIFT_OPTIMIZATION_LEVEL = "-Onone";
			};
			name = Debug;
		};
		AA06B9B528D647C40091657D /* Release */ = {
			isa = XCBuildConfiguration;
			buildSettings = {
				ALWAYS_SEARCH_USER_PATHS = NO;
				CLANG_ANALYZER_NONNULL = YES;
				CLANG_ANALYZER_NUMBER_OBJECT_CONVERSION = YES_AGGRESSIVE;
				CLANG_CXX_LANGUAGE_STANDARD = "gnu++17";
				CLANG_CXX_LIBRARY = "libc++";
				CLANG_ENABLE_MODULES = YES;
				CLANG_ENABLE_OBJC_ARC = YES;
				CLANG_ENABLE_OBJC_WEAK = YES;
				CLANG_WARN_BLOCK_CAPTURE_AUTORELEASING = YES;
				CLANG_WARN_BOOL_CONVERSION = YES;
				CLANG_WARN_COMMA = YES;
				CLANG_WARN_CONSTANT_CONVERSION = YES;
				CLANG_WARN_DEPRECATED_OBJC_IMPLEMENTATIONS = YES;
				CLANG_WARN_DIRECT_OBJC_ISA_USAGE = YES_ERROR;
				CLANG_WARN_DOCUMENTATION_COMMENTS = YES;
				CLANG_WARN_EMPTY_BODY = YES;
				CLANG_WARN_ENUM_CONVERSION = YES;
				CLANG_WARN_INFINITE_RECURSION = YES;
				CLANG_WARN_INT_CONVERSION = YES;
				CLANG_WARN_NON_LITERAL_NULL_CONVERSION = YES;
				CLANG_WARN_OBJC_IMPLICIT_RETAIN_SELF = YES;
				CLANG_WARN_OBJC_LITERAL_CONVERSION = YES;
				CLANG_WARN_OBJC_ROOT_CLASS = YES_ERROR;
				CLANG_WARN_QUOTED_INCLUDE_IN_FRAMEWORK_HEADER = YES;
				CLANG_WARN_RANGE_LOOP_ANALYSIS = YES;
				CLANG_WARN_STRICT_PROTOTYPES = YES;
				CLANG_WARN_SUSPICIOUS_MOVE = YES;
				CLANG_WARN_UNGUARDED_AVAILABILITY = YES_AGGRESSIVE;
				CLANG_WARN_UNREACHABLE_CODE = YES;
				CLANG_WARN__DUPLICATE_METHOD_MATCH = YES;
				COPY_PHASE_STRIP = NO;
				DEBUG_INFORMATION_FORMAT = "dwarf-with-dsym";
				ENABLE_NS_ASSERTIONS = NO;
				ENABLE_STRICT_OBJC_MSGSEND = YES;
				GCC_C_LANGUAGE_STANDARD = gnu11;
				GCC_NO_COMMON_BLOCKS = YES;
				GCC_WARN_64_TO_32_BIT_CONVERSION = YES;
				GCC_WARN_ABOUT_RETURN_TYPE = YES_ERROR;
				GCC_WARN_UNDECLARED_SELECTOR = YES;
				GCC_WARN_UNINITIALIZED_AUTOS = YES_AGGRESSIVE;
				GCC_WARN_UNUSED_FUNCTION = YES;
				GCC_WARN_UNUSED_VARIABLE = YES;
				IPHONEOS_DEPLOYMENT_TARGET = 15.2;
				MTL_ENABLE_DEBUG_INFO = NO;
				MTL_FAST_MATH = YES;
				SDKROOT = iphoneos;
				SWIFT_COMPILATION_MODE = wholemodule;
				SWIFT_OPTIMIZATION_LEVEL = "-O";
				VALIDATE_PRODUCT = YES;
			};
			name = Release;
		};
		AA06B9B728D647C40091657D /* Debug */ = {
			isa = XCBuildConfiguration;
			buildSettings = {
				ASSETCATALOG_COMPILER_APPICON_NAME = AppIcon;
				ASSETCATALOG_COMPILER_GLOBAL_ACCENT_COLOR_NAME = AccentColor;
				CODE_SIGN_STYLE = Automatic;
				CURRENT_PROJECT_VERSION = 1;
				DEVELOPMENT_TEAM = 534SAT4S5S;
				GENERATE_INFOPLIST_FILE = YES;
				INFOPLIST_FILE = "Netflix C/Info.plist";
				INFOPLIST_KEY_UIApplicationSupportsIndirectInputEvents = YES;
				INFOPLIST_KEY_UILaunchStoryboardName = LaunchScreen;
				INFOPLIST_KEY_UISupportedInterfaceOrientations_iPad = "UIInterfaceOrientationPortrait UIInterfaceOrientationPortraitUpsideDown UIInterfaceOrientationLandscapeLeft UIInterfaceOrientationLandscapeRight";
				INFOPLIST_KEY_UISupportedInterfaceOrientations_iPhone = "UIInterfaceOrientationPortrait UIInterfaceOrientationLandscapeLeft UIInterfaceOrientationLandscapeRight";
				IPHONEOS_DEPLOYMENT_TARGET = 16.0;
				LD_RUNPATH_SEARCH_PATHS = (
					"$(inherited)",
					"@executable_path/Frameworks",
				);
				MARKETING_VERSION = 1.0;
				PRODUCT_BUNDLE_IDENTIFIER = "raidan.Netflix-C";
				PRODUCT_NAME = "$(TARGET_NAME)";
				SWIFT_COMPILATION_MODE = wholemodule;
				SWIFT_EMIT_LOC_STRINGS = YES;
				SWIFT_VERSION = 5.0;
				TARGETED_DEVICE_FAMILY = "1,2";
			};
			name = Debug;
		};
		AA06B9B828D647C40091657D /* Release */ = {
			isa = XCBuildConfiguration;
			buildSettings = {
				ASSETCATALOG_COMPILER_APPICON_NAME = AppIcon;
				ASSETCATALOG_COMPILER_GLOBAL_ACCENT_COLOR_NAME = AccentColor;
				CODE_SIGN_STYLE = Automatic;
				CURRENT_PROJECT_VERSION = 1;
				DEVELOPMENT_TEAM = 534SAT4S5S;
				GENERATE_INFOPLIST_FILE = YES;
				INFOPLIST_FILE = "Netflix C/Info.plist";
				INFOPLIST_KEY_UIApplicationSupportsIndirectInputEvents = YES;
				INFOPLIST_KEY_UILaunchStoryboardName = LaunchScreen;
				INFOPLIST_KEY_UISupportedInterfaceOrientations_iPad = "UIInterfaceOrientationPortrait UIInterfaceOrientationPortraitUpsideDown UIInterfaceOrientationLandscapeLeft UIInterfaceOrientationLandscapeRight";
				INFOPLIST_KEY_UISupportedInterfaceOrientations_iPhone = "UIInterfaceOrientationPortrait UIInterfaceOrientationLandscapeLeft UIInterfaceOrientationLandscapeRight";
				IPHONEOS_DEPLOYMENT_TARGET = 16.0;
				LD_RUNPATH_SEARCH_PATHS = (
					"$(inherited)",
					"@executable_path/Frameworks",
				);
				MARKETING_VERSION = 1.0;
				PRODUCT_BUNDLE_IDENTIFIER = "raidan.Netflix-C";
				PRODUCT_NAME = "$(TARGET_NAME)";
				SWIFT_EMIT_LOC_STRINGS = YES;
				SWIFT_VERSION = 5.0;
				TARGETED_DEVICE_FAMILY = "1,2";
			};
			name = Release;
		};
		AA06B9BA28D647C40091657D /* Debug */ = {
			isa = XCBuildConfiguration;
			buildSettings = {
				ALWAYS_EMBED_SWIFT_STANDARD_LIBRARIES = YES;
				BUNDLE_LOADER = "$(TEST_HOST)";
				CODE_SIGN_STYLE = Automatic;
				CURRENT_PROJECT_VERSION = 1;
				DEVELOPMENT_TEAM = 534SAT4S5S;
				GENERATE_INFOPLIST_FILE = YES;
				IPHONEOS_DEPLOYMENT_TARGET = 15.2;
				MARKETING_VERSION = 1.0;
				PRODUCT_BUNDLE_IDENTIFIER = "raidan.Netflix-CTests";
				PRODUCT_NAME = "$(TARGET_NAME)";
				SWIFT_EMIT_LOC_STRINGS = NO;
				SWIFT_VERSION = 5.0;
				TARGETED_DEVICE_FAMILY = "1,2";
				TEST_HOST = "$(BUILT_PRODUCTS_DIR)/Netflix C.app/Netflix C";
			};
			name = Debug;
		};
		AA06B9BB28D647C40091657D /* Release */ = {
			isa = XCBuildConfiguration;
			buildSettings = {
				ALWAYS_EMBED_SWIFT_STANDARD_LIBRARIES = YES;
				BUNDLE_LOADER = "$(TEST_HOST)";
				CODE_SIGN_STYLE = Automatic;
				CURRENT_PROJECT_VERSION = 1;
				DEVELOPMENT_TEAM = 534SAT4S5S;
				GENERATE_INFOPLIST_FILE = YES;
				IPHONEOS_DEPLOYMENT_TARGET = 15.2;
				MARKETING_VERSION = 1.0;
				PRODUCT_BUNDLE_IDENTIFIER = "raidan.Netflix-CTests";
				PRODUCT_NAME = "$(TARGET_NAME)";
				SWIFT_EMIT_LOC_STRINGS = NO;
				SWIFT_VERSION = 5.0;
				TARGETED_DEVICE_FAMILY = "1,2";
				TEST_HOST = "$(BUILT_PRODUCTS_DIR)/Netflix C.app/Netflix C";
			};
			name = Release;
		};
		AA06B9BD28D647C40091657D /* Debug */ = {
			isa = XCBuildConfiguration;
			buildSettings = {
				ALWAYS_EMBED_SWIFT_STANDARD_LIBRARIES = YES;
				CODE_SIGN_STYLE = Automatic;
				CURRENT_PROJECT_VERSION = 1;
				DEVELOPMENT_TEAM = 534SAT4S5S;
				GENERATE_INFOPLIST_FILE = YES;
				MARKETING_VERSION = 1.0;
				PRODUCT_BUNDLE_IDENTIFIER = "raidan.Netflix-CUITests";
				PRODUCT_NAME = "$(TARGET_NAME)";
				SWIFT_EMIT_LOC_STRINGS = NO;
				SWIFT_VERSION = 5.0;
				TARGETED_DEVICE_FAMILY = "1,2";
				TEST_TARGET_NAME = "Netflix C";
			};
			name = Debug;
		};
		AA06B9BE28D647C40091657D /* Release */ = {
			isa = XCBuildConfiguration;
			buildSettings = {
				ALWAYS_EMBED_SWIFT_STANDARD_LIBRARIES = YES;
				CODE_SIGN_STYLE = Automatic;
				CURRENT_PROJECT_VERSION = 1;
				DEVELOPMENT_TEAM = 534SAT4S5S;
				GENERATE_INFOPLIST_FILE = YES;
				MARKETING_VERSION = 1.0;
				PRODUCT_BUNDLE_IDENTIFIER = "raidan.Netflix-CUITests";
				PRODUCT_NAME = "$(TARGET_NAME)";
				SWIFT_EMIT_LOC_STRINGS = NO;
				SWIFT_VERSION = 5.0;
				TARGETED_DEVICE_FAMILY = "1,2";
				TEST_TARGET_NAME = "Netflix C";
			};
			name = Release;
		};
/* End XCBuildConfiguration section */

/* Begin XCConfigurationList section */
		AA06B98728D647C30091657D /* Build configuration list for PBXProject "Netflix C" */ = {
			isa = XCConfigurationList;
			buildConfigurations = (
				AA06B9B428D647C40091657D /* Debug */,
				AA06B9B528D647C40091657D /* Release */,
			);
			defaultConfigurationIsVisible = 0;
			defaultConfigurationName = Release;
		};
		AA06B9B628D647C40091657D /* Build configuration list for PBXNativeTarget "Netflix C" */ = {
			isa = XCConfigurationList;
			buildConfigurations = (
				AA06B9B728D647C40091657D /* Debug */,
				AA06B9B828D647C40091657D /* Release */,
			);
			defaultConfigurationIsVisible = 0;
			defaultConfigurationName = Release;
		};
		AA06B9B928D647C40091657D /* Build configuration list for PBXNativeTarget "Netflix CTests" */ = {
			isa = XCConfigurationList;
			buildConfigurations = (
				AA06B9BA28D647C40091657D /* Debug */,
				AA06B9BB28D647C40091657D /* Release */,
			);
			defaultConfigurationIsVisible = 0;
			defaultConfigurationName = Release;
		};
		AA06B9BC28D647C40091657D /* Build configuration list for PBXNativeTarget "Netflix CUITests" */ = {
			isa = XCConfigurationList;
			buildConfigurations = (
				AA06B9BD28D647C40091657D /* Debug */,
				AA06B9BE28D647C40091657D /* Release */,
			);
			defaultConfigurationIsVisible = 0;
			defaultConfigurationName = Release;
		};
/* End XCConfigurationList section */

/* Begin XCRemoteSwiftPackageReference section */
		AA5A313D28E799FC00EECB1D /* XCRemoteSwiftPackageReference "SDWebImage" */ = {
			isa = XCRemoteSwiftPackageReference;
			repositoryURL = "https://github.com/SDWebImage/SDWebImage.git";
			requirement = {
				branch = master;
				kind = branch;
			};
		};
/* End XCRemoteSwiftPackageReference section */

/* Begin XCSwiftPackageProductDependency section */
		AA5A313E28E799FC00EECB1D /* SDWebImage */ = {
			isa = XCSwiftPackageProductDependency;
			package = AA5A313D28E799FC00EECB1D /* XCRemoteSwiftPackageReference "SDWebImage" */;
			productName = SDWebImage;
		};
		AA5A314028E799FC00EECB1D /* SDWebImageMapKit */ = {
			isa = XCSwiftPackageProductDependency;
			package = AA5A313D28E799FC00EECB1D /* XCRemoteSwiftPackageReference "SDWebImage" */;
			productName = SDWebImageMapKit;
		};
/* End XCSwiftPackageProductDependency section */
	};
	rootObject = AA06B98428D647C30091657D /* Project object */;
}
